
Microsoft Visual Studio Solution File, Format Version 12.00
# Visual Studio Version 16
VisualStudioVersion = 16.0.30621.155
MinimumVisualStudioVersion = 10.0.40219.1
Project("{FAE04EC0-301F-11D3-BF4B-00C04F79EFBC}") = "FinalProjectOfCSharp", "FinalProjectOfCSharp.csproj", "{98564AB1-36E6-41CC-B710-338D033C9A1C}"
EndProject
Global
	GlobalSection(SolutionConfigurationPlatforms) = preSolution
		Debug|Any CPU = Debug|Any CPU
		Release|Any CPU = Release|Any CPU
	EndGlobalSection
	GlobalSection(ProjectConfigurationPlatforms) = postSolution
		{98564AB1-36E6-41CC-B710-338D033C9A1C}.Debug|Any CPU.ActiveCfg = Debug|Any CPU
		{98564AB1-36E6-41CC-B710-338D033C9A1C}.Debug|Any CPU.Build.0 = Debug|Any CPU
		{98564AB1-36E6-41CC-B710-338D033C9A1C}.Release|Any CPU.ActiveCfg = Release|Any CPU
		{98564AB1-36E6-41CC-B710-338D033C9A1C}.Release|Any CPU.Build.0 = Release|Any CPU
	EndGlobalSection
	GlobalSection(SolutionProperties) = preSolution
		HideSolutionNode = FALSE
	EndGlobalSection
	GlobalSection(ExtensibilityGlobals) = postSolution
		SolutionGuid = {BBF3F9D9-1CBC-4963-BD06-2A91A351DFAC}
	EndGlobalSection
EndGlobal
